{
    "_meta": {
        "hash": {
            "sha256": "f7c2bc3fceb5d10e180e61d948bd8bdd0051d635c4484ea3397f21121e731cb7"
        },
        "pipfile-spec": 6,
        "requires": {
            "python_version": "3.12"
        },
        "sources": [
            {
                "name": "pypi",
                "url": "https://pypi.org/simple",
                "verify_ssl": true
            }
        ]
    },
    "default": {
        "awslambdaric": {
            "hashes": [
                "sha256:0587d1396daadf8c32956597fa20bbba1d419eefa99448e039bde1ba24bd619b",
                "sha256:07a0fe0274d17f49486d4a9e60f2a919ef3e1ddf9b2d4afcfdb3bf954b583128",
                "sha256:0c7c3830d30f9a201e7ac3f0eb2c70067f66dc6feb82f40874a3acad088922dc",
                "sha256:17ec20101efee954540b008a2dc881002b8a0b1a6081cd7eb2b4b3a151067f80",
                "sha256:21e45d197ff473d1eb82e19067b8e88f751de7a7fa0edeac6836ef75a8f8d349",
                "sha256:2d00035269b4250a38ae01bdb66d5ad394c30e3fa12405dd408caf175489bed9",
                "sha256:487e513800c958a9211c255bf3d67b96211a9be96179f695f332e48547aeb1d9",
                "sha256:5077216cb7caa58f6029769e7bd6e06ba6ad0057069fb77ea710215aa9617703",
                "sha256:51c08f2edc5bb4e25c6d18a7bc5befcb8151666f7a45f3e16f56d886d40a0148",
                "sha256:5b2cf3979e9bb0f3dfbd139ba181ddf0e605ecbc505fe7a6a0a618119e0a12cd",
                "sha256:5ff6f85ebfd340df187290defea7a31f13e572ffa19108630a182d13fecfe264",
                "sha256:6c0c56366c15a28a59c3ebd4b054375a9f2f3e31fe784393550aa8b8f4452c25",
                "sha256:8907bf0a9f65e7928d4af425e330808031f5ca58f8262175ddef2943e952b4ea",
                "sha256:9f2b1281c8d3031cbffe0e6253c02d9dcf9c341ddf1d6050181b9e96439c23de",
                "sha256:ace7b3670b92612060a659943d7f2102e257ff3c436a11af4bbf35555d25dd5e",
                "sha256:c00640a556b5c8f1c380332a0aa7cb19a389539aa0a88247f070b4fd711e8188",
                "sha256:c5fee785e8acb6cac68c0eacb7e1817247a9af3f6d9597fd45853942c9057f20",
                "sha256:c6753c55f4f483bd7bd07c514390756ea7798026119b56270e8a8c1974a4ddfd",
                "sha256:cbe8151cd5e6755d1b322a6e1e0c30ef6d6784d7bbb44d3365b81d079ab27472",
                "sha256:cd506fb5a968207f816ffc885d1d18229dcea8cac886b1e2a78bdeb28c2b3747",
                "sha256:cde3d26d37ba7b1ca63aa9516337665f1f20337d5986192d632c8085d1d4ae8f",
                "sha256:d472850d5938c93c1143a1b82b1f805f848208b3ead9a385d4ee45282a3df0ad",
                "sha256:d5d09924b5915aaf40510aab1bfc42b71d1b30bc7a43548998a7cb5bf07370b4"
            ],
            "markers": "python_version >= '3.6'",
            "version": "==2.2.1"
        },
        "boto3": {
            "hashes": [
                "sha256:14724b905fd13f26d9d8f7cdcea0fa65a9acad79f60f41f7662667f4e233d97c",
                "sha256:4f15d1ccb481d66f6925b8c91c970ce41b956b6ecf7c479f23e2159531b37eec"
            ],
            "markers": "python_version >= '3.8'",
            "version": "==1.35.50"
        },
        "botocore": {
            "hashes": [
                "sha256:136ecef8d5a1088f1ba485c0bbfca40abd42b9f9fe9e11d8cde4e53b4c05b188",
                "sha256:965d3b99179ac04aa98e4c4baf4a970ebce77a5e02bb2a0a21cb6304e2bc0955"
            ],
            "markers": "python_version >= '3.8'",
            "version": "==1.35.50"
        },
        "jmespath": {
            "hashes": [
                "sha256:02e2e4cc71b5bcab88332eebf907519190dd9e6e82107fa7f83b1003a6252980",
                "sha256:90261b206d6defd58fdd5e85f478bf633a2901798906be2ad389150c5c60edbe"
            ],
            "markers": "python_version >= '3.7'",
            "version": "==1.0.1"
        },
        "lambda": {
            "editable": true,
            "file": "."
        },
        "python-dateutil": {
            "hashes": [
                "sha256:37dd54208da7e1cd875388217d5e00ebd4179249f90fb72437e91a35459a0ad3",
                "sha256:a8b2bc7bffae282281c8140a97d3aa9c14da0b136dfe83f850eea9a5f7470427"
            ],
            "markers": "python_version >= '2.7' and python_version not in '3.0, 3.1, 3.2'",
            "version": "==2.9.0.post0"
        },
        "s3transfer": {
            "hashes": [
                "sha256:263ed587a5803c6c708d3ce44dc4dfedaab4c1a32e8329bab818933d79ddcf5d",
                "sha256:4f50ed74ab84d474ce614475e0b8d5047ff080810aac5d01ea25231cfc944b0c"
            ],
            "markers": "python_version >= '3.8'",
            "version": "==0.10.3"
        },
        "simplejson": {
            "hashes": [
                "sha256:01c6657485393f2e9b8177c77a7634f13ebe70d5e6de150aae1677d91516ce6b",
                "sha256:0552eb06e7234da892e1d02365cd2b7b2b1f8233aa5aabdb2981587b7cc92ea0",
                "sha256:06662392e4913dc8846d6a71a6d5de86db5fba244831abe1dd741d62a4136764",
                "sha256:0733ecd95ae03ae718ec74aad818f5af5f3155d596f7b242acbc1621e765e5fb",
                "sha256:0766ca6222b410e08e0053a0dda3606cafb3973d5d00538307f631bb59743396",
                "sha256:0791f64fed7d4abad639491f8a6b1ba56d3c604eb94b50f8697359b92d983f36",
                "sha256:08f9b443a94e72dd02c87098c96886d35790e79e46b24e67accafbf13b73d43b",
                "sha256:0959e6cb62e3994b5a40e31047ff97ef5c4138875fae31659bead691bed55896",
                "sha256:0a32859d45d7b85fb803bb68f6bee14526991a1190269116c33399fa0daf9bbf",
                "sha256:0b5ddd2c7d1d3f4d23224bc8a04bbf1430ae9a8149c05b90f8fc610f7f857a23",
                "sha256:0bc5544e3128891bf613b9f71813ee2ec9c11574806f74dd8bb84e5e95bf64a2",
                "sha256:101a3c8392028cd704a93c7cba8926594e775ca3c91e0bee82144e34190903f1",
                "sha256:1069143a8fb3905e1bc0696c62be7e3adf812e9f1976ac9ae15b05112ff57cc9",
                "sha256:1773cabfba66a6337b547e45dafbd471b09487370bcab75bd28f626520410d29",
                "sha256:1a53a07320c5ff574d8b1a89c937ce33608832f166f39dff0581ac43dc979abd",
                "sha256:1bd41f2cb1a2c57656ceff67b12d005cb255c728265e222027ad73193a04005a",
                "sha256:1c49eeb94b8f09dc8a5843c156a22b8bde6aa1ddc65ca8ddc62dddcc001e6a2d",
                "sha256:1df0aaf1cb787fdf34484ed4a1f0c545efd8811f6028623290fef1a53694e597",
                "sha256:1e557712fc79f251673aeb3fad3501d7d4da3a27eff0857af2e1d1afbbcf6685",
                "sha256:1e662336db50ad665777e6548b5076329a94a0c3d4a0472971c588b3ef27de3a",
                "sha256:212fce86a22188b0c7f53533b0f693ea9605c1a0f02c84c475a30616f55a744d",
                "sha256:23228037dc5d41c36666384062904d74409a62f52283d9858fa12f4c22cffad1",
                "sha256:23833ee7e791ec968b744dfee2a2d39df7152050051096caf4296506d75608d8",
                "sha256:256e09d0f94d9c3d177d9e95fd27a68c875a4baa2046633df387b86b652f5747",
                "sha256:2876027ebdd599d730d36464debe84619b0368e9a642ca6e7c601be55aed439e",
                "sha256:2a6a750d3c7461b1c47cfc6bba8d9e57a455e7c5f80057d2a82f738040dd1129",
                "sha256:2a954b30810988feeabde843e3263bf187697e0eb5037396276db3612434049b",
                "sha256:2b737a5fefedb8333fa50b8db3dcc9b1d18fd6c598f89fa7debff8b46bf4e511",
                "sha256:2c78293470313aefa9cfc5e3f75ca0635721fb016fb1121c1c5b0cb8cc74712a",
                "sha256:2f56eb03bc9e432bb81adc8ecff2486d39feb371abb442964ffb44f6db23b332",
                "sha256:32a3ada8f3ea41db35e6d37b86dade03760f804628ec22e4fe775b703d567426",
                "sha256:37105d1d708365b91165e1a6e505bdecc88637091348cf4b6adcdcb4f5a5fb8b",
                "sha256:3bbcdc438dc1683b35f7a8dc100960c721f922f9ede8127f63bed7dfded4c64c",
                "sha256:3dc5c1a85ff388e98ea877042daec3d157b6db0d85bac6ba5498034689793e7e",
                "sha256:42e5acf80d4d971238d4df97811286a044d720693092b20a56d5e56b7dcc5d09",
                "sha256:49549e3d81ab4a58424405aa545602674d8c35c20e986b42bb8668e782a94bac",
                "sha256:49cc4c7b940d43bd12bf87ec63f28cbc4964fc4e12c031cc8cd01650f43eb94e",
                "sha256:4a0710d1a5e41c4f829caa1572793dd3130c8d65c2b194c24ff29c4c305c26e0",
                "sha256:4dfa420bb9225dd33b6efdabde7c6a671b51150b9b1d9c4e5cd74d3b420b3fe1",
                "sha256:50d8b742d74c449c4dcac570d08ce0f21f6a149d2d9cf7652dbf2ba9a1bc729a",
                "sha256:56134bbafe458a7b21f6fddbf889d36bec6d903718f4430768e3af822f8e27c2",
                "sha256:5bf6a3b9a7d7191471b464fe38f684df10eb491ec9ea454003edb45a011ab187",
                "sha256:5d9e8f836688a8fabe6a6b41b334aa550a6823f7b4ac3d3712fc0ad8655be9a8",
                "sha256:619756f1dd634b5bdf57d9a3914300526c3b348188a765e45b8b08eabef0c94e",
                "sha256:6300680d83a399be2b8f3b0ef7ef90b35d2a29fe6e9c21438097e0938bbc1564",
                "sha256:637c4d4b81825c1f4d651e56210bd35b5604034b192b02d2d8f17f7ce8c18f42",
                "sha256:66a0399e21c2112acacfebf3d832ebe2884f823b1c7e6d1363f2944f1db31a99",
                "sha256:67a20641afebf4cfbcff50061f07daad1eace6e7b31d7622b6fa2c40d43900ba",
                "sha256:6890ff9cf0bd2e1d487e2a8869ebd620a44684c0a9667fa5ee751d099d5d84c8",
                "sha256:6d43e24b88c80f997081503f693be832fc90854f278df277dd54f8a4c847ab61",
                "sha256:6ef9383c5e05f445be60f1735c1816163c874c0b1ede8bb4390aff2ced34f333",
                "sha256:6f455672f4738b0f47183c5896e3606cd65c9ddee3805a4d18e8c96aa3f47c84",
                "sha256:6fea0716c593dabb4392c4996d4e902a83b2428e6da82938cf28a523a11eb277",
                "sha256:7017329ca8d4dca94ad5e59f496e5fc77630aecfc39df381ffc1d37fb6b25832",
                "sha256:7137e69c6781ecf23afab064be94a277236c9cba31aa48ff1a0ec3995c69171e",
                "sha256:72e8abbc86fcac83629a030888b45fed3a404d54161118be52cb491cd6975d3e",
                "sha256:7355c7203353c36d46c4e7b6055293b3d2be097bbc5e2874a2b8a7259f0325dd",
                "sha256:76f8c28fe2d426182405b18ddf3001fce47835a557dc15c3d8bdea01c03361da",
                "sha256:7923878b7a0142d39763ec2dbecff3053c1bedd3653585a8474666e420fe83f5",
                "sha256:7a7bfad839c624e139a4863007233a3f194e7c51551081f9789cba52e4da5167",
                "sha256:7b5c472099b39b274dcde27f1113db8d818c9aa3ba8f78cbb8ad04a4c1ac2118",
                "sha256:7c0104b4b7d2c75ccedbf1d9d5a3bd2daa75e51053935a44ba012e2fd4c43752",
                "sha256:7e062767ac165df9a46963f5735aa4eee0089ec1e48b3f2ec46182754b96f55e",
                "sha256:7e2a098c21ad8924076a12b6c178965d88a0ad75d1de67e1afa0a66878f277a5",
                "sha256:817abad79241ed4a507b3caf4d3f2be5079f39d35d4c550a061988986bffd2ec",
                "sha256:83c87706265ae3028e8460d08b05f30254c569772e859e5ba61fe8af2c883468",
                "sha256:89b35433186e977fa86ff1fd179c1fadff39cfa3afa1648dab0b6ca53153acd9",
                "sha256:8e086896c36210ab6050f2f9f095a5f1e03c83fa0e7f296d6cba425411364680",
                "sha256:8f41bb5370b34f63171e65fdb00e12be1d83675cecb23e627df26f4c88dfc021",
                "sha256:934a50a614fb831614db5dbfba35127ee277624dda4d15895c957d2f5d48610c",
                "sha256:93be280fc69a952c76e261036312c20b910e7fa9e234f1d89bdfe3fa34f8a023",
                "sha256:951095be8d4451a7182403354c22ec2de3e513e0cc40408b689af08d02611588",
                "sha256:a0782cb9bf827f0c488b6aa0f2819f618308a3caf2973cfd792e45d631bec4db",
                "sha256:ab69f811a660c362651ae395eba8ce84f84c944cea0df5718ea0ba9d1e4e7252",
                "sha256:ad0e0b1ce9bd3edb5cf64b5b5b76eacbfdac8c5367153aeeec8a8b1407f68342",
                "sha256:add8850db04b98507a8b62d248a326ecc8561e6d24336d1ca5c605bbfaab4cad",
                "sha256:afab2f7f2486a866ff04d6d905e9386ca6a231379181a3838abce1f32fbdcc37",
                "sha256:b5587feda2b65a79da985ae6d116daf6428bf7489992badc29fc96d16cd27b05",
                "sha256:b9198c1f1f8910a3b86b60f4fe2556d9d28d3fefe35bffe6be509a27402e694d",
                "sha256:bc164f32dd9691e7082ce5df24b4cf8c6c394bbf9bdeeb5d843127cd07ab8ad2",
                "sha256:bcde83a553a96dc7533736c547bddaa35414a2566ab0ecf7d3964fc4bdb84c11",
                "sha256:c40df31a75de98db2cdfead6074d4449cd009e79f54c1ebe5e5f1f153c68ad20",
                "sha256:c4f614581b61a26fbbba232a1391f6cee82bc26f2abbb6a0b44a9bba25c56a1c",
                "sha256:c9bedebdc5fdad48af8783022bae307746d54006b783007d1d3c38e10872a2c6",
                "sha256:cb324bb903330cbb35d87cce367a12631cd5720afa06e5b9c906483970946da6",
                "sha256:d00313681015ac498e1736b304446ee6d1c72c5b287cd196996dad84369998f7",
                "sha256:d0b0efc7279d768db7c74d3d07f0b5c81280d16ae3fb14e9081dc903e8360771",
                "sha256:d0d5a63f1768fed7e78cf55712dee81f5a345e34d34224f3507ebf71df2b754d",
                "sha256:d1b8b4d6379fe55f471914345fe6171d81a18649dacf3248abfc9c349b4442eb",
                "sha256:d36608557b4dcd7a62c29ad4cd7c5a1720bbf7dc942eff9dc42d2c542a5f042d",
                "sha256:d43c2d7504eda566c50203cdc9dc043aff6f55f1b7dae0dcd79dfefef9159d1c",
                "sha256:d73efb03c5b39249c82488a994f0998f9e4399e3d085209d2120503305ba77a8",
                "sha256:d936ae682d5b878af9d9eb4d8bb1fdd5e41275c8eb59ceddb0aeed857bb264a2",
                "sha256:dd011fc3c1d88b779645495fdb8189fb318a26981eebcce14109460e062f209b",
                "sha256:dd5b9b1783e14803e362a558680d88939e830db2466f3fa22df5c9319f8eea94",
                "sha256:dd6a7dabcc4c32daf601bc45e01b79175dde4b52548becea4f9545b0a4428169",
                "sha256:dd7230d061e755d60a4d5445bae854afe33444cdb182f3815cff26ac9fb29a15",
                "sha256:e0d2b00ecbcd1a3c5ea1abc8bb99a26508f758c1759fd01c3be482a3655a176f",
                "sha256:e1a1452ad5723ff129b081e3c8aa4ba56b8734fee4223355ed7b815a7ece69bc",
                "sha256:e88abff510dcff903a18d11c2a75f9964e768d99c8d147839913886144b2065e",
                "sha256:ea7a4a998c87c5674a27089e022110a1a08a7753f21af3baf09efe9915c23c3c",
                "sha256:eb47ee773ce67476a960e2db4a0a906680c54f662521550828c0cc57d0099426",
                "sha256:eed8cd98a7b24861da9d3d937f5fbfb6657350c547528a117297fe49e3960667",
                "sha256:ef28c3b328d29b5e2756903aed888960bc5df39b4c2eab157ae212f70ed5bf74",
                "sha256:ef59a53be400c1fad2c914b8d74c9d42384fed5174f9321dd021b7017fd40270",
                "sha256:f39caec26007a2d0efab6b8b1d74873ede9351962707afab622cc2285dd26ed0",
                "sha256:f8efb03ca77bd7725dfacc9254df00d73e6f43013cf39bd37ef1a8ed0ebb5165",
                "sha256:fa97278ae6614346b5ca41a45a911f37a3261b57dbe4a00602048652c862c28b",
                "sha256:fc3dc9fb413fc34c396f52f4c87de18d0bd5023804afa8ab5cc224deeb6a9900",
                "sha256:ff7bc1bbdaa3e487c9469128bf39408e91f5573901cb852e03af378d3582c52d"
            ],
            "markers": "python_version >= '2.5' and python_version not in '3.0, 3.1, 3.2'",
            "version": "==3.19.3"
        },
        "six": {
            "hashes": [
                "sha256:1e61c37477a1626458e36f7b1d82aa5c9b094fa4802892072e49de9c60c4c926",
                "sha256:8abb2f1d86890a2dfb989f9a77cfcfd3e47c2a354b01111771326f8aa26e0254"
            ],
            "markers": "python_version >= '2.7' and python_version not in '3.0, 3.1, 3.2'",
            "version": "==1.16.0"
        },
        "urllib3": {
            "hashes": [
                "sha256:ca899ca043dcb1bafa3e262d73aa25c465bfb49e0bd9dd5d59f1d0acba2f8fac",
                "sha256:e7d814a81dad81e6caf2ec9fdedb284ecc9c73076b62654547cc64ccdcae26e9"
            ],
            "markers": "python_version >= '3.10'",
            "version": "==2.2.3"
        }
    },
    "develop": {}
}
